
Microsoft Visual Studio Solution File, Format Version 12.00
# Visual Studio Version 17
VisualStudioVersion = 17.9.34701.34
MinimumVisualStudioVersion = 10.0.40219.1
Project("{FAE04EC0-301F-11D3-BF4B-00C04F79EFBC}") = "lecture12", "lecture12.csproj", "{8ABEC7E1-FE11-470D-8AA2-321D4DA7DEAA}"
EndProject
Global
	GlobalSection(SolutionConfigurationPlatforms) = preSolution
		Debug|Any CPU = Debug|Any CPU
		Release|Any CPU = Release|Any CPU
	EndGlobalSection
	GlobalSection(ProjectConfigurationPlatforms) = postSolution
		{8ABEC7E1-FE11-470D-8AA2-321D4DA7DEAA}.Debug|Any CPU.ActiveCfg = Debug|Any CPU
		{8ABEC7E1-FE11-470D-8AA2-321D4DA7DEAA}.Debug|Any CPU.Build.0 = Debug|Any CPU
		{8ABEC7E1-FE11-470D-8AA2-321D4DA7DEAA}.Release|Any CPU.ActiveCfg = Release|Any CPU
		{8ABEC7E1-FE11-470D-8AA2-321D4DA7DEAA}.Release|Any CPU.Build.0 = Release|Any CPU
	EndGlobalSection
	GlobalSection(SolutionProperties) = preSolution
		HideSolutionNode = FALSE
	EndGlobalSection
	GlobalSection(ExtensibilityGlobals) = postSolution
		SolutionGuid = {5F58A9F3-498F-47BB-BE44-A492E6096E78}
	EndGlobalSection
EndGlobal
