
Microsoft Visual Studio Solution File, Format Version 12.00
# Visual Studio Version 17
VisualStudioVersion = 17.9.34701.34
MinimumVisualStudioVersion = 10.0.40219.1
Project("{FAE04EC0-301F-11D3-BF4B-00C04F79EFBC}") = "lecture3", "lecture3.csproj", "{34742041-59D1-46ED-B816-5D501BA4DB98}"
EndProject
Global
	GlobalSection(SolutionConfigurationPlatforms) = preSolution
		Debug|Any CPU = Debug|Any CPU
		Release|Any CPU = Release|Any CPU
	EndGlobalSection
	GlobalSection(ProjectConfigurationPlatforms) = postSolution
		{34742041-59D1-46ED-B816-5D501BA4DB98}.Debug|Any CPU.ActiveCfg = Debug|Any CPU
		{34742041-59D1-46ED-B816-5D501BA4DB98}.Debug|Any CPU.Build.0 = Debug|Any CPU
		{34742041-59D1-46ED-B816-5D501BA4DB98}.Release|Any CPU.ActiveCfg = Release|Any CPU
		{34742041-59D1-46ED-B816-5D501BA4DB98}.Release|Any CPU.Build.0 = Release|Any CPU
	EndGlobalSection
	GlobalSection(SolutionProperties) = preSolution
		HideSolutionNode = FALSE
	EndGlobalSection
	GlobalSection(ExtensibilityGlobals) = postSolution
		SolutionGuid = {6674EE48-FDFE-4075-A133-F131A519F415}
	EndGlobalSection
EndGlobal
